
Microsoft Visual Studio Solution File, Format Version 12.00
# Visual Studio Version 17
VisualStudioVersion = 17.4.33213.308
MinimumVisualStudioVersion = 10.0.40219.1
Project("{2150E333-8FDC-42A3-9474-1A3956D46DE8}") = "src", "src", "{29112D93-E5BE-415D-8B27-BDA91910C4A9}"
EndProject
Project("{2150E333-8FDC-42A3-9474-1A3956D46DE8}") = "tests", "tests", "{1C1F862E-1215-43BE-89C7-00065B378F9F}"
EndProject
Project("{9A19103F-16F7-4668-BE54-9A1E7A4F7556}") = "TwitchChatExport.CLI", "src\TwitchChatExport.CLI\TwitchChatExport.CLI.csproj", "{3CA59069-6353-45CE-947B-FA5B11AB0821}"
EndProject
Global
	GlobalSection(SolutionConfigurationPlatforms) = preSolution
		Debug|Any CPU = Debug|Any CPU
		Release|Any CPU = Release|Any CPU
	EndGlobalSection
	GlobalSection(ProjectConfigurationPlatforms) = postSolution
		{3CA59069-6353-45CE-947B-FA5B11AB0821}.Debug|Any CPU.ActiveCfg = Debug|Any CPU
		{3CA59069-6353-45CE-947B-FA5B11AB0821}.Debug|Any CPU.Build.0 = Debug|Any CPU
		{3CA59069-6353-45CE-947B-FA5B11AB0821}.Release|Any CPU.ActiveCfg = Release|Any CPU
		{3CA59069-6353-45CE-947B-FA5B11AB0821}.Release|Any CPU.Build.0 = Release|Any CPU
	EndGlobalSection
	GlobalSection(SolutionProperties) = preSolution
		HideSolutionNode = FALSE
	EndGlobalSection
	GlobalSection(NestedProjects) = preSolution
		{3CA59069-6353-45CE-947B-FA5B11AB0821} = {29112D93-E5BE-415D-8B27-BDA91910C4A9}
	EndGlobalSection
	GlobalSection(ExtensibilityGlobals) = postSolution
		SolutionGuid = {89F0DD2C-9DDE-42AA-97E7-3FF0FC34A74A}
	EndGlobalSection
EndGlobal
